
Microsoft Visual Studio Solution File, Format Version 12.00
# Visual Studio Version 17
VisualStudioVersion = 17.7.34024.191
MinimumVisualStudioVersion = 10.0.40219.1
Project("{FAE04EC0-301F-11D3-BF4B-00C04F79EFBC}") = "Advanced_Topics_in_C#", "Advanced_Topics_in_C#\Advanced_Topics_in_C#.csproj", "{B0705370-7BCE-4014-AA6D-EB062A3D0CC4}"
EndProject
Global
	GlobalSection(SolutionConfigurationPlatforms) = preSolution
		Debug|Any CPU = Debug|Any CPU
		Release|Any CPU = Release|Any CPU
	EndGlobalSection
	GlobalSection(ProjectConfigurationPlatforms) = postSolution
		{B0705370-7BCE-4014-AA6D-EB062A3D0CC4}.Debug|Any CPU.ActiveCfg = Debug|Any CPU
		{B0705370-7BCE-4014-AA6D-EB062A3D0CC4}.Debug|Any CPU.Build.0 = Debug|Any CPU
		{B0705370-7BCE-4014-AA6D-EB062A3D0CC4}.Release|Any CPU.ActiveCfg = Release|Any CPU
		{B0705370-7BCE-4014-AA6D-EB062A3D0CC4}.Release|Any CPU.Build.0 = Release|Any CPU
	EndGlobalSection
	GlobalSection(SolutionProperties) = preSolution
		HideSolutionNode = FALSE
	EndGlobalSection
	GlobalSection(ExtensibilityGlobals) = postSolution
		SolutionGuid = {80325339-879D-4C39-A5C6-03F06F7C1BBA}
	EndGlobalSection
EndGlobal
